
Microsoft Visual Studio Solution File, Format Version 12.00
# Visual Studio 15
VisualStudioVersion = 15.0.27004.2009
MinimumVisualStudioVersion = 10.0.40219.1
Project("{9A19103F-16F7-4668-BE54-9A1E7A4F7556}") = "WeightLifting", "WeightLifting\WeightLifting.csproj", "{03EFF03A-A4F0-43AB-A7A0-639BA76ABAE5}"
EndProject
Project("{9A19103F-16F7-4668-BE54-9A1E7A4F7556}") = "Data", "Data\Data.csproj", "{B7EC8C50-1902-4282-8F0B-6A4C323DA62C}"
EndProject
Project("{9A19103F-16F7-4668-BE54-9A1E7A4F7556}") = "Services", "Services\Services.csproj", "{DFAE5B44-9095-45DA-8516-CFE8F28B8E10}"
EndProject
Global
	GlobalSection(SolutionConfigurationPlatforms) = preSolution
		Debug|Any CPU = Debug|Any CPU
		Release|Any CPU = Release|Any CPU
	EndGlobalSection
	GlobalSection(ProjectConfigurationPlatforms) = postSolution
		{03EFF03A-A4F0-43AB-A7A0-639BA76ABAE5}.Debug|Any CPU.ActiveCfg = Debug|Any CPU
		{03EFF03A-A4F0-43AB-A7A0-639BA76ABAE5}.Debug|Any CPU.Build.0 = Debug|Any CPU
		{03EFF03A-A4F0-43AB-A7A0-639BA76ABAE5}.Release|Any CPU.ActiveCfg = Release|Any CPU
		{03EFF03A-A4F0-43AB-A7A0-639BA76ABAE5}.Release|Any CPU.Build.0 = Release|Any CPU
		{B7EC8C50-1902-4282-8F0B-6A4C323DA62C}.Debug|Any CPU.ActiveCfg = Debug|Any CPU
		{B7EC8C50-1902-4282-8F0B-6A4C323DA62C}.Debug|Any CPU.Build.0 = Debug|Any CPU
		{B7EC8C50-1902-4282-8F0B-6A4C323DA62C}.Release|Any CPU.ActiveCfg = Release|Any CPU
		{B7EC8C50-1902-4282-8F0B-6A4C323DA62C}.Release|Any CPU.Build.0 = Release|Any CPU
		{DFAE5B44-9095-45DA-8516-CFE8F28B8E10}.Debug|Any CPU.ActiveCfg = Debug|Any CPU
		{DFAE5B44-9095-45DA-8516-CFE8F28B8E10}.Debug|Any CPU.Build.0 = Debug|Any CPU
		{DFAE5B44-9095-45DA-8516-CFE8F28B8E10}.Release|Any CPU.ActiveCfg = Release|Any CPU
		{DFAE5B44-9095-45DA-8516-CFE8F28B8E10}.Release|Any CPU.Build.0 = Release|Any CPU
	EndGlobalSection
	GlobalSection(SolutionProperties) = preSolution
		HideSolutionNode = FALSE
	EndGlobalSection
	GlobalSection(ExtensibilityGlobals) = postSolution
		SolutionGuid = {597EBECA-62A7-405D-8A81-3434EE3EA750}
	EndGlobalSection
EndGlobal
